
Microsoft Visual Studio Solution File, Format Version 12.00
# Visual Studio Version 17
VisualStudioVersion = 17.1.32421.90
MinimumVisualStudioVersion = 10.0.40219.1
Project("{2150E333-8FDC-42A3-9474-1A3956D46DE8}") = "Services", "Services", "{ADD3A09C-5FF0-4F71-A228-F302E05967C1}"
EndProject
Project("{2150E333-8FDC-42A3-9474-1A3956D46DE8}") = "Catalog", "Catalog", "{FB4216AD-3B5A-4BFE-9228-5934DE5EF0E5}"
EndProject
Project("{9A19103F-16F7-4668-BE54-9A1E7A4F7556}") = "Catalog.API", "Services\Catalog\Catalog.API\Catalog.API.csproj", "{FAF93F8C-02B0-4BB5-88E5-C574DBE9BEC0}"
EndProject
Project("{9A19103F-16F7-4668-BE54-9A1E7A4F7556}") = "Catalog.Domain", "Services\Catalog\Catalog.Domain\Catalog.Domain.csproj", "{FFD3F01B-00AF-443F-84F6-D358AC9EC291}"
EndProject
Project("{9A19103F-16F7-4668-BE54-9A1E7A4F7556}") = "Catalog.Application", "Services\Catalog\Catalog.Application\Catalog.Application.csproj", "{757DDDF3-F178-46A8-8536-2FAA68C61F93}"
EndProject
Project("{9A19103F-16F7-4668-BE54-9A1E7A4F7556}") = "Catalog.Infrastructure", "Services\Catalog\Catalog.Infrastructure\Catalog.Infrastructure.csproj", "{573A4CFC-09E6-4698-9C7C-B9CDDB0FBBE2}"
EndProject
Project("{2150E333-8FDC-42A3-9474-1A3956D46DE8}") = "Identity", "Identity", "{D8897751-58C7-4E59-875C-48ED3946740C}"
EndProject
Project("{2150E333-8FDC-42A3-9474-1A3956D46DE8}") = "Clients", "Clients", "{9288CB5B-0A53-4069-8F43-1B2750132FCF}"
EndProject
Project("{2150E333-8FDC-42A3-9474-1A3956D46DE8}") = "Cases", "Cases", "{4F5A0A3E-8A05-45A0-AA48-CA660D94871C}"
EndProject
Project("{2150E333-8FDC-42A3-9474-1A3956D46DE8}") = "Gateways", "Gateways", "{D64BEC47-91A3-44BB-A5F0-997473445D6A}"
EndProject
Project("{9A19103F-16F7-4668-BE54-9A1E7A4F7556}") = "Gateway.Ocelot", "Gateways\Gateway.Ocelot\Gateway.Ocelot.csproj", "{D099C05C-10D0-4CC8-A799-F1829D2C3F1C}"
EndProject
Project("{9A19103F-16F7-4668-BE54-9A1E7A4F7556}") = "Identity.Domain", "Services\Identity\Identity.Domain\Identity.Domain.csproj", "{71FDA21D-9E10-4005-B568-556A16A84D37}"
EndProject
Project("{9A19103F-16F7-4668-BE54-9A1E7A4F7556}") = "Identity.API", "Services\Identity\Identity.API\Identity.API.csproj", "{043507F1-143F-4CB8-BDD4-88054C7CE877}"
EndProject
Project("{9A19103F-16F7-4668-BE54-9A1E7A4F7556}") = "Identity.Infrastructure", "Services\Identity\Identity.Infrastructure\Identity.Infrastructure.csproj", "{CD5AED50-653F-4D14-80FD-69241FF8BBAF}"
EndProject
Project("{9A19103F-16F7-4668-BE54-9A1E7A4F7556}") = "Identity.Application", "Services\Identity\Identity.Application\Identity.Application.csproj", "{66CA5B22-AE2F-464A-AE9F-DA8790F8C48D}"
EndProject
Project("{FAE04EC0-301F-11D3-BF4B-00C04F79EFBC}") = "Common.Utility", "Utilities\Common.Utility\Common.Utility.csproj", "{69EB525B-92A2-4842-9A7D-A85D176D6DAC}"
EndProject
Global
	GlobalSection(SolutionConfigurationPlatforms) = preSolution
		Debug|Any CPU = Debug|Any CPU
		Release|Any CPU = Release|Any CPU
	EndGlobalSection
	GlobalSection(ProjectConfigurationPlatforms) = postSolution
		{FAF93F8C-02B0-4BB5-88E5-C574DBE9BEC0}.Debug|Any CPU.ActiveCfg = Debug|Any CPU
		{FAF93F8C-02B0-4BB5-88E5-C574DBE9BEC0}.Debug|Any CPU.Build.0 = Debug|Any CPU
		{FAF93F8C-02B0-4BB5-88E5-C574DBE9BEC0}.Release|Any CPU.ActiveCfg = Release|Any CPU
		{FAF93F8C-02B0-4BB5-88E5-C574DBE9BEC0}.Release|Any CPU.Build.0 = Release|Any CPU
		{FFD3F01B-00AF-443F-84F6-D358AC9EC291}.Debug|Any CPU.ActiveCfg = Debug|Any CPU
		{FFD3F01B-00AF-443F-84F6-D358AC9EC291}.Debug|Any CPU.Build.0 = Debug|Any CPU
		{FFD3F01B-00AF-443F-84F6-D358AC9EC291}.Release|Any CPU.ActiveCfg = Release|Any CPU
		{FFD3F01B-00AF-443F-84F6-D358AC9EC291}.Release|Any CPU.Build.0 = Release|Any CPU
		{757DDDF3-F178-46A8-8536-2FAA68C61F93}.Debug|Any CPU.ActiveCfg = Debug|Any CPU
		{757DDDF3-F178-46A8-8536-2FAA68C61F93}.Debug|Any CPU.Build.0 = Debug|Any CPU
		{757DDDF3-F178-46A8-8536-2FAA68C61F93}.Release|Any CPU.ActiveCfg = Release|Any CPU
		{757DDDF3-F178-46A8-8536-2FAA68C61F93}.Release|Any CPU.Build.0 = Release|Any CPU
		{573A4CFC-09E6-4698-9C7C-B9CDDB0FBBE2}.Debug|Any CPU.ActiveCfg = Debug|Any CPU
		{573A4CFC-09E6-4698-9C7C-B9CDDB0FBBE2}.Debug|Any CPU.Build.0 = Debug|Any CPU
		{573A4CFC-09E6-4698-9C7C-B9CDDB0FBBE2}.Release|Any CPU.ActiveCfg = Release|Any CPU
		{573A4CFC-09E6-4698-9C7C-B9CDDB0FBBE2}.Release|Any CPU.Build.0 = Release|Any CPU
		{D099C05C-10D0-4CC8-A799-F1829D2C3F1C}.Debug|Any CPU.ActiveCfg = Debug|Any CPU
		{D099C05C-10D0-4CC8-A799-F1829D2C3F1C}.Debug|Any CPU.Build.0 = Debug|Any CPU
		{D099C05C-10D0-4CC8-A799-F1829D2C3F1C}.Release|Any CPU.ActiveCfg = Release|Any CPU
		{D099C05C-10D0-4CC8-A799-F1829D2C3F1C}.Release|Any CPU.Build.0 = Release|Any CPU
		{71FDA21D-9E10-4005-B568-556A16A84D37}.Debug|Any CPU.ActiveCfg = Debug|Any CPU
		{71FDA21D-9E10-4005-B568-556A16A84D37}.Debug|Any CPU.Build.0 = Debug|Any CPU
		{71FDA21D-9E10-4005-B568-556A16A84D37}.Release|Any CPU.ActiveCfg = Release|Any CPU
		{71FDA21D-9E10-4005-B568-556A16A84D37}.Release|Any CPU.Build.0 = Release|Any CPU
		{043507F1-143F-4CB8-BDD4-88054C7CE877}.Debug|Any CPU.ActiveCfg = Debug|Any CPU
		{043507F1-143F-4CB8-BDD4-88054C7CE877}.Debug|Any CPU.Build.0 = Debug|Any CPU
		{043507F1-143F-4CB8-BDD4-88054C7CE877}.Release|Any CPU.ActiveCfg = Release|Any CPU
		{043507F1-143F-4CB8-BDD4-88054C7CE877}.Release|Any CPU.Build.0 = Release|Any CPU
		{CD5AED50-653F-4D14-80FD-69241FF8BBAF}.Debug|Any CPU.ActiveCfg = Debug|Any CPU
		{CD5AED50-653F-4D14-80FD-69241FF8BBAF}.Debug|Any CPU.Build.0 = Debug|Any CPU
		{CD5AED50-653F-4D14-80FD-69241FF8BBAF}.Release|Any CPU.ActiveCfg = Release|Any CPU
		{CD5AED50-653F-4D14-80FD-69241FF8BBAF}.Release|Any CPU.Build.0 = Release|Any CPU
		{66CA5B22-AE2F-464A-AE9F-DA8790F8C48D}.Debug|Any CPU.ActiveCfg = Debug|Any CPU
		{66CA5B22-AE2F-464A-AE9F-DA8790F8C48D}.Debug|Any CPU.Build.0 = Debug|Any CPU
		{66CA5B22-AE2F-464A-AE9F-DA8790F8C48D}.Release|Any CPU.ActiveCfg = Release|Any CPU
		{66CA5B22-AE2F-464A-AE9F-DA8790F8C48D}.Release|Any CPU.Build.0 = Release|Any CPU
		{69EB525B-92A2-4842-9A7D-A85D176D6DAC}.Debug|Any CPU.ActiveCfg = Debug|Any CPU
		{69EB525B-92A2-4842-9A7D-A85D176D6DAC}.Debug|Any CPU.Build.0 = Debug|Any CPU
		{69EB525B-92A2-4842-9A7D-A85D176D6DAC}.Release|Any CPU.ActiveCfg = Release|Any CPU
		{69EB525B-92A2-4842-9A7D-A85D176D6DAC}.Release|Any CPU.Build.0 = Release|Any CPU
	EndGlobalSection
	GlobalSection(SolutionProperties) = preSolution
		HideSolutionNode = FALSE
	EndGlobalSection
	GlobalSection(NestedProjects) = preSolution
		{FB4216AD-3B5A-4BFE-9228-5934DE5EF0E5} = {ADD3A09C-5FF0-4F71-A228-F302E05967C1}
		{FAF93F8C-02B0-4BB5-88E5-C574DBE9BEC0} = {FB4216AD-3B5A-4BFE-9228-5934DE5EF0E5}
		{FFD3F01B-00AF-443F-84F6-D358AC9EC291} = {FB4216AD-3B5A-4BFE-9228-5934DE5EF0E5}
		{757DDDF3-F178-46A8-8536-2FAA68C61F93} = {FB4216AD-3B5A-4BFE-9228-5934DE5EF0E5}
		{573A4CFC-09E6-4698-9C7C-B9CDDB0FBBE2} = {FB4216AD-3B5A-4BFE-9228-5934DE5EF0E5}
		{D8897751-58C7-4E59-875C-48ED3946740C} = {ADD3A09C-5FF0-4F71-A228-F302E05967C1}
		{4F5A0A3E-8A05-45A0-AA48-CA660D94871C} = {ADD3A09C-5FF0-4F71-A228-F302E05967C1}
		{D099C05C-10D0-4CC8-A799-F1829D2C3F1C} = {D64BEC47-91A3-44BB-A5F0-997473445D6A}
		{71FDA21D-9E10-4005-B568-556A16A84D37} = {D8897751-58C7-4E59-875C-48ED3946740C}
		{043507F1-143F-4CB8-BDD4-88054C7CE877} = {D8897751-58C7-4E59-875C-48ED3946740C}
		{CD5AED50-653F-4D14-80FD-69241FF8BBAF} = {D8897751-58C7-4E59-875C-48ED3946740C}
		{66CA5B22-AE2F-464A-AE9F-DA8790F8C48D} = {D8897751-58C7-4E59-875C-48ED3946740C}
		{69EB525B-92A2-4842-9A7D-A85D176D6DAC} = {ADD3A09C-5FF0-4F71-A228-F302E05967C1}
	EndGlobalSection
	GlobalSection(ExtensibilityGlobals) = postSolution
		SolutionGuid = {4EFA2FDA-65F9-4831-9E6A-D5E0144D8CAA}
	EndGlobalSection
EndGlobal
